// !$*UTF8*$!
{
	archiveVersion = 1;
	classes = {
	};
	objectVersion = 50;
	objects = {

/* Begin PBXBuildFile section */
		3D81E2B1CD8638D2CAA2284E /* Pods_introRxSwift.framework in Frameworks */ = {isa = PBXBuildFile; fileRef = F5936CEC256B819AED06F6CB /* Pods_introRxSwift.framework */; };
		8B3E8C6F265BF21F0088614C /* AppDelegate.swift in Sources */ = {isa = PBXBuildFile; fileRef = 8B3E8C6E265BF21F0088614C /* AppDelegate.swift */; };
		8B3E8C71265BF21F0088614C /* SceneDelegate.swift in Sources */ = {isa = PBXBuildFile; fileRef = 8B3E8C70265BF21F0088614C /* SceneDelegate.swift */; };
		8B3E8C73265BF21F0088614C /* ViewController.swift in Sources */ = {isa = PBXBuildFile; fileRef = 8B3E8C72265BF21F0088614C /* ViewController.swift */; };
		8B3E8C76265BF21F0088614C /* Main.storyboard in Resources */ = {isa = PBXBuildFile; fileRef = 8B3E8C74265BF21F0088614C /* Main.storyboard */; };
		8B3E8C78265BF2210088614C /* Assets.xcassets in Resources */ = {isa = PBXBuildFile; fileRef = 8B3E8C77265BF2210088614C /* Assets.xcassets */; };
		8B3E8C7B265BF2210088614C /* LaunchScreen.storyboard in Resources */ = {isa = PBXBuildFile; fileRef = 8B3E8C79265BF2210088614C /* LaunchScreen.storyboard */; };
/* End PBXBuildFile section */

/* Begin PBXFileReference section */
		105A66522F00BD13E6CD8791 /* Pods-introRxSwift.debug.xcconfig */ = {isa = PBXFileReference; includeInIndex = 1; lastKnownFileType = text.xcconfig; name = "Pods-introRxSwift.debug.xcconfig"; path = "Target Support Files/Pods-introRxSwift/Pods-introRxSwift.debug.xcconfig"; sourceTree = "<group>"; };
		85CFF9F912BF21DCC8693187 /* Pods-introRxSwift.release.xcconfig */ = {isa = PBXFileReference; includeInIndex = 1; lastKnownFileType = text.xcconfig; name = "Pods-introRxSwift.release.xcconfig"; path = "Target Support Files/Pods-introRxSwift/Pods-introRxSwift.release.xcconfig"; sourceTree = "<group>"; };
		8B3E8C6B265BF21F0088614C /* introRxSwift.app */ = {isa = PBXFileReference; explicitFileType = wrapper.application; includeInIndex = 0; path = introRxSwift.app; sourceTree = BUILT_PRODUCTS_DIR; };
		8B3E8C6E265BF21F0088614C /* AppDelegate.swift */ = {isa = PBXFileReference; lastKnownFileType = sourcecode.swift; path = AppDelegate.swift; sourceTree = "<group>"; };
		8B3E8C70265BF21F0088614C /* SceneDelegate.swift */ = {isa = PBXFileReference; lastKnownFileType = sourcecode.swift; path = SceneDelegate.swift; sourceTree = "<group>"; };
		8B3E8C72265BF21F0088614C /* ViewController.swift */ = {isa = PBXFileReference; lastKnownFileType = sourcecode.swift; path = ViewController.swift; sourceTree = "<group>"; };
		8B3E8C75265BF21F0088614C /* Base */ = {isa = PBXFileReference; lastKnownFileType = file.storyboard; name = Base; path = Base.lproj/Main.storyboard; sourceTree = "<group>"; };
		8B3E8C77265BF2210088614C /* Assets.xcassets */ = {isa = PBXFileReference; lastKnownFileType = folder.assetcatalog; path = Assets.xcassets; sourceTree = "<group>"; };
		8B3E8C7A265BF2210088614C /* Base */ = {isa = PBXFileReference; lastKnownFileType = file.storyboard; name = Base; path = Base.lproj/LaunchScreen.storyboard; sourceTree = "<group>"; };
		8B3E8C7C265BF2210088614C /* Info.plist */ = {isa = PBXFileReference; lastKnownFileType = text.plist.xml; path = Info.plist; sourceTree = "<group>"; };
		F5936CEC256B819AED06F6CB /* Pods_introRxSwift.framework */ = {isa = PBXFileReference; explicitFileType = wrapper.framework; includeInIndex = 0; path = Pods_introRxSwift.framework; sourceTree = BUILT_PRODUCTS_DIR; };
/* End PBXFileReference section */

/* Begin PBXFrameworksBuildPhase section */
		8B3E8C68265BF21F0088614C /* Frameworks */ = {
			isa = PBXFrameworksBuildPhase;
			buildActionMask = 2147483647;
			files = (
				3D81E2B1CD8638D2CAA2284E /* Pods_introRxSwift.framework in Frameworks */,
			);
			runOnlyForDeploymentPostprocessing = 0;
		};
/* End PBXFrameworksBuildPhase section */

/* Begin PBXGroup section */
		6FA01DBCAB58A90D4D091A60 /* Frameworks */ = {
			isa = PBXGroup;
			children = (
				F5936CEC256B819AED06F6CB /* Pods_introRxSwift.framework */,
			);
			name = Frameworks;
			sourceTree = "<group>";
		};
		8B3E8C62265BF21F0088614C = {
			isa = PBXGroup;
			children = (
				8B3E8C6D265BF21F0088614C /* introRxSwift */,
				8B3E8C6C265BF21F0088614C /* Products */,
				EEDDBEC900DCFA5568CE107B /* Pods */,
				6FA01DBCAB58A90D4D091A60 /* Frameworks */,
			);
			sourceTree = "<group>";
		};
		8B3E8C6C265BF21F0088614C /* Products */ = {
			isa = PBXGroup;
			children = (
				8B3E8C6B265BF21F0088614C /* introRxSwift.app */,
			);
			name = Products;
			sourceTree = "<group>";
		};
		8B3E8C6D265BF21F0088614C /* introRxSwift */ = {
			isa = PBXGroup;
			children = (
				8B3E8C6E265BF21F0088614C /* AppDelegate.swift */,
				8B3E8C70265BF21F0088614C /* SceneDelegate.swift */,
				8B3E8C72265BF21F0088614C /* ViewController.swift */,
				8B3E8C74265BF21F0088614C /* Main.storyboard */,
				8B3E8C77265BF2210088614C /* Assets.xcassets */,
				8B3E8C79265BF2210088614C /* LaunchScreen.storyboard */,
				8B3E8C7C265BF2210088614C /* Info.plist */,
			);
			path = introRxSwift;
			sourceTree = "<group>";
		};
		EEDDBEC900DCFA5568CE107B /* Pods */ = {
			isa = PBXGroup;
			children = (
				105A66522F00BD13E6CD8791 /* Pods-introRxSwift.debug.xcconfig */,
				85CFF9F912BF21DCC8693187 /* Pods-introRxSwift.release.xcconfig */,
			);
			name = Pods;
			path = Pods;
			sourceTree = "<group>";
		};
/* End PBXGroup section */

/* Begin PBXNativeTarget section */
		8B3E8C6A265BF21F0088614C /* introRxSwift */ = {
			isa = PBXNativeTarget;
			buildConfigurationList = 8B3E8C7F265BF2210088614C /* Build configuration list for PBXNativeTarget "introRxSwift" */;
			buildPhases = (
				4DAE84A32DEFD668EE55ECE5 /* [CP] Check Pods Manifest.lock */,
				8B3E8C67265BF21F0088614C /* Sources */,
				8B3E8C68265BF21F0088614C /* Frameworks */,
				8B3E8C69265BF21F0088614C /* Resources */,
				B198159122A4607467BAC9AE /* [CP] Embed Pods Frameworks */,
			);
			buildRules = (
			);
			dependencies = (
			);
			name = introRxSwift;
			productName = introRxSwift;
			productReference = 8B3E8C6B265BF21F0088614C /* introRxSwift.app */;
			productType = "com.apple.product-type.application";
		};
/* End PBXNativeTarget section */

/* Begin PBXProject section */
		8B3E8C63265BF21F0088614C /* Project object */ = {
			isa = PBXProject;
			attributes = {
				LastSwiftUpdateCheck = 1250;
				LastUpgradeCheck = 1250;
				TargetAttributes = {
					8B3E8C6A265BF21F0088614C = {
						CreatedOnToolsVersion = 12.5;
					};
				};
			};
			buildConfigurationList = 8B3E8C66265BF21F0088614C /* Build configuration list for PBXProject "introRxSwift" */;
			compatibilityVersion = "Xcode 9.3";
			developmentRegion = en;
			hasScannedForEncodings = 0;
			knownRegions = (
				en,
				Base,
			);
			mainGroup = 8B3E8C62265BF21F0088614C;
			productRefGroup = 8B3E8C6C265BF21F0088614C /* Products */;
			projectDirPath = "";
			projectRoot = "";
			targets = (
				8B3E8C6A265BF21F0088614C /* introRxSwift */,
			);
		};
/* End PBXProject section */

/* Begin PBXResourcesBuildPhase section */
		8B3E8C69265BF21F0088614C /* Resources */ = {
			isa = PBXResourcesBuildPhase;
			buildActionMask = 2147483647;
			files = (
				8B3E8C7B265BF2210088614C /* LaunchScreen.storyboard in Resources */,
				8B3E8C78265BF2210088614C /* Assets.xcassets in Resources */,
				8B3E8C76265BF21F0088614C /* Main.storyboard in Resources */,
			);
			runOnlyForDeploymentPostprocessing = 0;
		};
/* End PBXResourcesBuildPhase section */

/* Begin PBXShellScriptBuildPhase section */
		4DAE84A32DEFD668EE55ECE5 /* [CP] Check Pods Manifest.lock */ = {
			isa = PBXShellScriptBuildPhase;
			buildActionMask = 2147483647;
			files = (
			);
			inputFileListPaths = (
			);
			inputPaths = (
				"${PODS_PODFILE_DIR_PATH}/Podfile.lock",
				"${PODS_ROOT}/Manifest.lock",
			);
			name = "[CP] Check Pods Manifest.lock";
			outputFileListPaths = (
			);
			outputPaths = (
				"$(DERIVED_FILE_DIR)/Pods-introRxSwift-checkManifestLockResult.txt",
			);
			runOnlyForDeploymentPostprocessing = 0;
			shellPath = /bin/sh;
			shellScript = "diff \"${PODS_PODFILE_DIR_PATH}/Podfile.lock\" \"${PODS_ROOT}/Manifest.lock\" > /dev/null\nif [ $? != 0 ] ; then\n    # print error to STDERR\n    echo \"error: The sandbox is not in sync with the Podfile.lock. Run 'pod install' or update your CocoaPods installation.\" >&2\n    exit 1\nfi\n# This output is used by Xcode 'outputs' to avoid re-running this script phase.\necho \"SUCCESS\" > \"${SCRIPT_OUTPUT_FILE_0}\"\n";
			showEnvVarsInLog = 0;
		};
		B198159122A4607467BAC9AE /* [CP] Embed Pods Frameworks */ = {
			isa = PBXShellScriptBuildPhase;
			buildActionMask = 2147483647;
			files = (
			);
			inputFileListPaths = (
				"${PODS_ROOT}/Target Support Files/Pods-introRxSwift/Pods-introRxSwift-frameworks-${CONFIGURATION}-input-files.xcfilelist",
			);
			name = "[CP] Embed Pods Frameworks";
			outputFileListPaths = (
				"${PODS_ROOT}/Target Support Files/Pods-introRxSwift/Pods-introRxSwift-frameworks-${CONFIGURATION}-output-files.xcfilelist",
			);
			runOnlyForDeploymentPostprocessing = 0;
			shellPath = /bin/sh;
			shellScript = "\"${PODS_ROOT}/Target Support Files/Pods-introRxSwift/Pods-introRxSwift-frameworks.sh\"\n";
			showEnvVarsInLog = 0;
		};
/* End PBXShellScriptBuildPhase section */

/* Begin PBXSourcesBuildPhase section */
		8B3E8C67265BF21F0088614C /* Sources */ = {
			isa = PBXSourcesBuildPhase;
			buildActionMask = 2147483647;
			files = (
				8B3E8C73265BF21F0088614C /* ViewController.swift in Sources */,
				8B3E8C6F265BF21F0088614C /* AppDelegate.swift in Sources */,
				8B3E8C71265BF21F0088614C /* SceneDelegate.swift in Sources */,
			);
			runOnlyForDeploymentPostprocessing = 0;
		};
/* End PBXSourcesBuildPhase section */

/* Begin PBXVariantGroup section */
		8B3E8C74265BF21F0088614C /* Main.storyboard */ = {
			isa = PBXVariantGroup;
			children = (
				8B3E8C75265BF21F0088614C /* Base */,
			);
			name = Main.storyboard;
			sourceTree = "<group>";
		};
		8B3E8C79265BF2210088614C /* LaunchScreen.storyboard */ = {
			isa = PBXVariantGroup;
			children = (
				8B3E8C7A265BF2210088614C /* Base */,
			);
			name = LaunchScreen.storyboard;
			sourceTree = "<group>";
		};
/* End PBXVariantGroup section */

/* Begin XCBuildConfiguration section */
		8B3E8C7D265BF2210088614C /* Debug */ = {
			isa = XCBuildConfiguration;
			buildSettings = {
				ALWAYS_SEARCH_USER_PATHS = NO;
				CLANG_ANALYZER_NONNULL = YES;
				CLANG_ANALYZER_NUMBER_OBJECT_CONVERSION = YES_AGGRESSIVE;
				CLANG_CXX_LANGUAGE_STANDARD = "gnu++14";
				CLANG_CXX_LIBRARY = "libc++";
				CLANG_ENABLE_MODULES = YES;
				CLANG_ENABLE_OBJC_ARC = YES;
				CLANG_ENABLE_OBJC_WEAK = YES;
				CLANG_WARN_BLOCK_CAPTURE_AUTORELEASING = YES;
				CLANG_WARN_BOOL_CONVERSION = YES;
				CLANG_WARN_COMMA = YES;
				CLANG_WARN_CONSTANT_CONVERSION = YES;
				CLANG_WARN_DEPRECATED_OBJC_IMPLEMENTATIONS = YES;
				CLANG_WARN_DIRECT_OBJC_ISA_USAGE = YES_ERROR;
				CLANG_WARN_DOCUMENTATION_COMMENTS = YES;
				CLANG_WARN_EMPTY_BODY = YES;
				CLANG_WARN_ENUM_CONVERSION = YES;
				CLANG_WARN_INFINITE_RECURSION = YES;
				CLANG_WARN_INT_CONVERSION = YES;
				CLANG_WARN_NON_LITERAL_NULL_CONVERSION = YES;
				CLANG_WARN_OBJC_IMPLICIT_RETAIN_SELF = YES;
				CLANG_WARN_OBJC_LITERAL_CONVERSION = YES;
				CLANG_WARN_OBJC_ROOT_CLASS = YES_ERROR;
				CLANG_WARN_QUOTED_INCLUDE_IN_FRAMEWORK_HEADER = YES;
				CLANG_WARN_RANGE_LOOP_ANALYSIS = YES;
				CLANG_WARN_STRICT_PROTOTYPES = YES;
				CLANG_WARN_SUSPICIOUS_MOVE = YES;
				CLANG_WARN_UNGUARDED_AVAILABILITY = YES_AGGRESSIVE;
				CLANG_WARN_UNREACHABLE_CODE = YES;
				CLANG_WARN__DUPLICATE_METHOD_MATCH = YES;
				COPY_PHASE_STRIP = NO;
				DEBUG_INFORMATION_FORMAT = dwarf;
				ENABLE_STRICT_OBJC_MSGSEND = YES;
				ENABLE_TESTABILITY = YES;
				GCC_C_LANGUAGE_STANDARD = gnu11;
				GCC_DYNAMIC_NO_PIC = NO;
				GCC_NO_COMMON_BLOCKS = YES;
				GCC_OPTIMIZATION_LEVEL = 0;
				GCC_PREPROCESSOR_DEFINITIONS = (
					"DEBUG=1",
					"$(inherited)",
				);
				GCC_WARN_64_TO_32_BIT_CONVERSION = YES;
				GCC_WARN_ABOUT_RETURN_TYPE = YES_ERROR;
				GCC_WARN_UNDECLARED_SELECTOR = YES;
				GCC_WARN_UNINITIALIZED_AUTOS = YES_AGGRESSIVE;
				GCC_WARN_UNUSED_FUNCTION = YES;
				GCC_WARN_UNUSED_VARIABLE = YES;
				IPHONEOS_DEPLOYMENT_TARGET = 14.5;
				MTL_ENABLE_DEBUG_INFO = INCLUDE_SOURCE;
				MTL_FAST_MATH = YES;
				ONLY_ACTIVE_ARCH = YES;
				SDKROOT = iphoneos;
				SWIFT_ACTIVE_COMPILATION_CONDITIONS = DEBUG;
				SWIFT_OPTIMIZATION_LEVEL = "-Onone";
			};
			name = Debug;
		};
		8B3E8C7E265BF2210088614C /* Release */ = {
			isa = XCBuildConfiguration;
			buildSettings = {
				ALWAYS_SEARCH_USER_PATHS = NO;
				CLANG_ANALYZER_NONNULL = YES;
				CLANG_ANALYZER_NUMBER_OBJECT_CONVERSION = YES_AGGRESSIVE;
				CLANG_CXX_LANGUAGE_STANDARD = "gnu++14";
				CLANG_CXX_LIBRARY = "libc++";
				CLANG_ENABLE_MODULES = YES;
				CLANG_ENABLE_OBJC_ARC = YES;
				CLANG_ENABLE_OBJC_WEAK = YES;
				CLANG_WARN_BLOCK_CAPTURE_AUTORELEASING = YES;
				CLANG_WARN_BOOL_CONVERSION = YES;
				CLANG_WARN_COMMA = YES;
				CLANG_WARN_CONSTANT_CONVERSION = YES;
				CLANG_WARN_DEPRECATED_OBJC_IMPLEMENTATIONS = YES;
				CLANG_WARN_DIRECT_OBJC_ISA_USAGE = YES_ERROR;
				CLANG_WARN_DOCUMENTATION_COMMENTS = YES;
				CLANG_WARN_EMPTY_BODY = YES;
				CLANG_WARN_ENUM_CONVERSION = YES;
				CLANG_WARN_INFINITE_RECURSION = YES;
				CLANG_WARN_INT_CONVERSION = YES;
				CLANG_WARN_NON_LITERAL_NULL_CONVERSION = YES;
				CLANG_WARN_OBJC_IMPLICIT_RETAIN_SELF = YES;
				CLANG_WARN_OBJC_LITERAL_CONVERSION = YES;
				CLANG_WARN_OBJC_ROOT_CLASS = YES_ERROR;
				CLANG_WARN_QUOTED_INCLUDE_IN_FRAMEWORK_HEADER = YES;
				CLANG_WARN_RANGE_LOOP_ANALYSIS = YES;
				CLANG_WARN_STRICT_PROTOTYPES = YES;
				CLANG_WARN_SUSPICIOUS_MOVE = YES;
				CLANG_WARN_UNGUARDED_AVAILABILITY = YES_AGGRESSIVE;
				CLANG_WARN_UNREACHABLE_CODE = YES;
				CLANG_WARN__DUPLICATE_METHOD_MATCH = YES;
				COPY_PHASE_STRIP = NO;
				DEBUG_INFORMATION_FORMAT = "dwarf-with-dsym";
				ENABLE_NS_ASSERTIONS = NO;
				ENABLE_STRICT_OBJC_MSGSEND = YES;
				GCC_C_LANGUAGE_STANDARD = gnu11;
				GCC_NO_COMMON_BLOCKS = YES;
				GCC_WARN_64_TO_32_BIT_CONVERSION = YES;
				GCC_WARN_ABOUT_RETURN_TYPE = YES_ERROR;
				GCC_WARN_UNDECLARED_SELECTOR = YES;
				GCC_WARN_UNINITIALIZED_AUTOS = YES_AGGRESSIVE;
				GCC_WARN_UNUSED_FUNCTION = YES;
				GCC_WARN_UNUSED_VARIABLE = YES;
				IPHONEOS_DEPLOYMENT_TARGET = 14.5;
				MTL_ENABLE_DEBUG_INFO = NO;
				MTL_FAST_MATH = YES;
				SDKROOT = iphoneos;
				SWIFT_COMPILATION_MODE = wholemodule;
				SWIFT_OPTIMIZATION_LEVEL = "-O";
				VALIDATE_PRODUCT = YES;
			};
			name = Release;
		};
		8B3E8C80265BF2210088614C /* Debug */ = {
			isa = XCBuildConfiguration;
			baseConfigurationReference = 105A66522F00BD13E6CD8791 /* Pods-introRxSwift.debug.xcconfig */;
			buildSettings = {
				ASSETCATALOG_COMPILER_APPICON_NAME = AppIcon;
				ASSETCATALOG_COMPILER_GLOBAL_ACCENT_COLOR_NAME = AccentColor;
				CODE_SIGN_STYLE = Automatic;
				DEVELOPMENT_TEAM = WRV66F3FD6;
				INFOPLIST_FILE = introRxSwift/Info.plist;
				LD_RUNPATH_SEARCH_PATHS = (
					"$(inherited)",
					"@executable_path/Frameworks",
				);
				PRODUCT_BUNDLE_IDENTIFIER = jgf.introRxSwift;
				PRODUCT_NAME = "$(TARGET_NAME)";
				SWIFT_VERSION = 5.0;
				TARGETED_DEVICE_FAMILY = "1,2";
			};
			name = Debug;
		};
		8B3E8C81265BF2210088614C /* Release */ = {
			isa = XCBuildConfiguration;
			baseConfigurationReference = 85CFF9F912BF21DCC8693187 /* Pods-introRxSwift.release.xcconfig */;
			buildSettings = {
				ASSETCATALOG_COMPILER_APPICON_NAME = AppIcon;
				ASSETCATALOG_COMPILER_GLOBAL_ACCENT_COLOR_NAME = AccentColor;
				CODE_SIGN_STYLE = Automatic;
				DEVELOPMENT_TEAM = WRV66F3FD6;
				INFOPLIST_FILE = introRxSwift/Info.plist;
				LD_RUNPATH_SEARCH_PATHS = (
					"$(inherited)",
					"@executable_path/Frameworks",
				);
				PRODUCT_BUNDLE_IDENTIFIER = jgf.introRxSwift;
				PRODUCT_NAME = "$(TARGET_NAME)";
				SWIFT_VERSION = 5.0;
				TARGETED_DEVICE_FAMILY = "1,2";
			};
			name = Release;
		};
/* End XCBuildConfiguration section */

/* Begin XCConfigurationList section */
		8B3E8C66265BF21F0088614C /* Build configuration list for PBXProject "introRxSwift" */ = {
			isa = XCConfigurationList;
			buildConfigurations = (
				8B3E8C7D265BF2210088614C /* Debug */,
				8B3E8C7E265BF2210088614C /* Release */,
			);
			defaultConfigurationIsVisible = 0;
			defaultConfigurationName = Release;
		};
		8B3E8C7F265BF2210088614C /* Build configuration list for PBXNativeTarget "introRxSwift" */ = {
			isa = XCConfigurationList;
			buildConfigurations = (
				8B3E8C80265BF2210088614C /* Debug */,
				8B3E8C81265BF2210088614C /* Release */,
			);
			defaultConfigurationIsVisible = 0;
			defaultConfigurationName = Release;
		};
/* End XCConfigurationList section */
	};
	rootObject = 8B3E8C63265BF21F0088614C /* Project object */;
}
